
Microsoft Visual Studio Solution File, Format Version 12.00
# Visual Studio Version 16
VisualStudioVersion = 16.0.31624.102
MinimumVisualStudioVersion = 10.0.40219.1
Project("{FAE04EC0-301F-11D3-BF4B-00C04F79EFBC}") = "ScrapeGuildMembers", "ScrapeGuildMembers\ScrapeGuildMembers.csproj", "{DE0823DF-8EF3-4C77-8058-02C4B9EAFA2F}"
EndProject
Global
	GlobalSection(SolutionConfigurationPlatforms) = preSolution
		Debug|Any CPU = Debug|Any CPU
		Release|Any CPU = Release|Any CPU
	EndGlobalSection
	GlobalSection(ProjectConfigurationPlatforms) = postSolution
		{DE0823DF-8EF3-4C77-8058-02C4B9EAFA2F}.Debug|Any CPU.ActiveCfg = Debug|Any CPU
		{DE0823DF-8EF3-4C77-8058-02C4B9EAFA2F}.Debug|Any CPU.Build.0 = Debug|Any CPU
		{DE0823DF-8EF3-4C77-8058-02C4B9EAFA2F}.Release|Any CPU.ActiveCfg = Release|Any CPU
		{DE0823DF-8EF3-4C77-8058-02C4B9EAFA2F}.Release|Any CPU.Build.0 = Release|Any CPU
	EndGlobalSection
	GlobalSection(SolutionProperties) = preSolution
		HideSolutionNode = FALSE
	EndGlobalSection
	GlobalSection(ExtensibilityGlobals) = postSolution
		SolutionGuid = {1C1168CD-A9EA-40C1-BBE5-1A2C9BB9275D}
	EndGlobalSection
EndGlobal
